// !$*UTF8*$!
{
	archiveVersion = 1;
	classes = {
	};
	objectVersion = 56;
	objects = {

/* Begin PBXBuildFile section */
		84D27AC529B70C370038AE25 /* GnoMeApp.swift in Sources */ = {isa = PBXBuildFile; fileRef = 84D27AC429B70C370038AE25 /* GnoMeApp.swift */; };
		84D27AC729B70C370038AE25 /* LandingPage.swift in Sources */ = {isa = PBXBuildFile; fileRef = 84D27AC629B70C370038AE25 /* LandingPage.swift */; };
		84D27AC929B70C3C0038AE25 /* Assets.xcassets in Resources */ = {isa = PBXBuildFile; fileRef = 84D27AC829B70C3C0038AE25 /* Assets.xcassets */; };
		84D27ACC29B70C3C0038AE25 /* Preview Assets.xcassets in Resources */ = {isa = PBXBuildFile; fileRef = 84D27ACB29B70C3C0038AE25 /* Preview Assets.xcassets */; };
		84D27AD629B70E1F0038AE25 /* LateLandingPage.swift in Sources */ = {isa = PBXBuildFile; fileRef = 84D27AD529B70E1E0038AE25 /* LateLandingPage.swift */; };
		84D27AD829B70E720038AE25 /* HomeScreen.swift in Sources */ = {isa = PBXBuildFile; fileRef = 84D27AD729B70E710038AE25 /* HomeScreen.swift */; };
		84D27ADA29B70EA60038AE25 /* LeaderBoard.swift in Sources */ = {isa = PBXBuildFile; fileRef = 84D27AD929B70EA60038AE25 /* LeaderBoard.swift */; };
		84D27ADC29B70ED50038AE25 /* UserProfile.swift in Sources */ = {isa = PBXBuildFile; fileRef = 84D27ADB29B70ED50038AE25 /* UserProfile.swift */; };
		84D27ADE29B70F230038AE25 /* Settings.swift in Sources */ = {isa = PBXBuildFile; fileRef = 84D27ADD29B70F230038AE25 /* Settings.swift */; };
/* End PBXBuildFile section */

/* Begin PBXFileReference section */
		84D27AC129B70C370038AE25 /* GnoMe.app */ = {isa = PBXFileReference; explicitFileType = wrapper.application; includeInIndex = 0; path = GnoMe.app; sourceTree = BUILT_PRODUCTS_DIR; };
		84D27AC429B70C370038AE25 /* GnoMeApp.swift */ = {isa = PBXFileReference; lastKnownFileType = sourcecode.swift; path = GnoMeApp.swift; sourceTree = "<group>"; };
		84D27AC629B70C370038AE25 /* LandingPage.swift */ = {isa = PBXFileReference; lastKnownFileType = sourcecode.swift; path = LandingPage.swift; sourceTree = "<group>"; };
		84D27AC829B70C3C0038AE25 /* Assets.xcassets */ = {isa = PBXFileReference; lastKnownFileType = folder.assetcatalog; path = Assets.xcassets; sourceTree = "<group>"; };
		84D27ACB29B70C3C0038AE25 /* Preview Assets.xcassets */ = {isa = PBXFileReference; lastKnownFileType = folder.assetcatalog; path = "Preview Assets.xcassets"; sourceTree = "<group>"; };
		84D27AD529B70E1E0038AE25 /* LateLandingPage.swift */ = {isa = PBXFileReference; lastKnownFileType = sourcecode.swift; path = LateLandingPage.swift; sourceTree = "<group>"; };
		84D27AD729B70E710038AE25 /* HomeScreen.swift */ = {isa = PBXFileReference; lastKnownFileType = sourcecode.swift; path = HomeScreen.swift; sourceTree = "<group>"; };
		84D27AD929B70EA60038AE25 /* LeaderBoard.swift */ = {isa = PBXFileReference; lastKnownFileType = sourcecode.swift; path = LeaderBoard.swift; sourceTree = "<group>"; };
		84D27ADB29B70ED50038AE25 /* UserProfile.swift */ = {isa = PBXFileReference; lastKnownFileType = sourcecode.swift; path = UserProfile.swift; sourceTree = "<group>"; };
		84D27ADD29B70F230038AE25 /* Settings.swift */ = {isa = PBXFileReference; lastKnownFileType = sourcecode.swift; path = Settings.swift; sourceTree = "<group>"; };
/* End PBXFileReference section */

/* Begin PBXFrameworksBuildPhase section */
		84D27ABE29B70C370038AE25 /* Frameworks */ = {
			isa = PBXFrameworksBuildPhase;
			buildActionMask = 2147483647;
			files = (
			);
			runOnlyForDeploymentPostprocessing = 0;
		};
/* End PBXFrameworksBuildPhase section */

/* Begin PBXGroup section */
		84D27AB829B70C370038AE25 = {
			isa = PBXGroup;
			children = (
				84D27AC329B70C370038AE25 /* GnoMe */,
				84D27AC229B70C370038AE25 /* Products */,
			);
			sourceTree = "<group>";
		};
		84D27AC229B70C370038AE25 /* Products */ = {
			isa = PBXGroup;
			children = (
				84D27AC129B70C370038AE25 /* GnoMe.app */,
			);
			name = Products;
			sourceTree = "<group>";
		};
		84D27AC329B70C370038AE25 /* GnoMe */ = {
			isa = PBXGroup;
			children = (
				84D27AC429B70C370038AE25 /* GnoMeApp.swift */,
				84D27AD429B70D2F0038AE25 /* Models */,
				84D27AD329B70CC50038AE25 /* Resources */,
				84D27AD229B70C8D0038AE25 /* Views */,
				84D27AC829B70C3C0038AE25 /* Assets.xcassets */,
				84D27ACA29B70C3C0038AE25 /* Preview Content */,
			);
			path = GnoMe;
			sourceTree = "<group>";
		};
		84D27ACA29B70C3C0038AE25 /* Preview Content */ = {
			isa = PBXGroup;
			children = (
				84D27ACB29B70C3C0038AE25 /* Preview Assets.xcassets */,
			);
			path = "Preview Content";
			sourceTree = "<group>";
		};
		84D27AD229B70C8D0038AE25 /* Views */ = {
			isa = PBXGroup;
			children = (
				84D27AC629B70C370038AE25 /* LandingPage.swift */,
				84D27AD529B70E1E0038AE25 /* LateLandingPage.swift */,
				84D27AD729B70E710038AE25 /* HomeScreen.swift */,
				84D27AD929B70EA60038AE25 /* LeaderBoard.swift */,
				84D27ADB29B70ED50038AE25 /* UserProfile.swift */,
				84D27ADD29B70F230038AE25 /* Settings.swift */,
			);
			path = Views;
			sourceTree = "<group>";
		};
		84D27AD329B70CC50038AE25 /* Resources */ = {
			isa = PBXGroup;
			children = (
			);
			path = Resources;
			sourceTree = "<group>";
		};
		84D27AD429B70D2F0038AE25 /* Models */ = {
			isa = PBXGroup;
			children = (
			);
			path = Models;
			sourceTree = "<group>";
		};
/* End PBXGroup section */

/* Begin PBXNativeTarget section */
		84D27AC029B70C370038AE25 /* GnoMe */ = {
			isa = PBXNativeTarget;
			buildConfigurationList = 84D27ACF29B70C3C0038AE25 /* Build configuration list for PBXNativeTarget "GnoMe" */;
			buildPhases = (
				84D27ABD29B70C370038AE25 /* Sources */,
				84D27ABE29B70C370038AE25 /* Frameworks */,
				84D27ABF29B70C370038AE25 /* Resources */,
			);
			buildRules = (
			);
			dependencies = (
			);
			name = GnoMe;
			productName = GnoMe;
			productReference = 84D27AC129B70C370038AE25 /* GnoMe.app */;
			productType = "com.apple.product-type.application";
		};
/* End PBXNativeTarget section */

/* Begin PBXProject section */
		84D27AB929B70C370038AE25 /* Project object */ = {
			isa = PBXProject;
			attributes = {
				BuildIndependentTargetsInParallel = 1;
				LastSwiftUpdateCheck = 1420;
				LastUpgradeCheck = 1420;
				TargetAttributes = {
					84D27AC029B70C370038AE25 = {
						CreatedOnToolsVersion = 14.2;
					};
				};
			};
			buildConfigurationList = 84D27ABC29B70C370038AE25 /* Build configuration list for PBXProject "GnoMe" */;
			compatibilityVersion = "Xcode 14.0";
			developmentRegion = en;
			hasScannedForEncodings = 0;
			knownRegions = (
				en,
				Base,
			);
			mainGroup = 84D27AB829B70C370038AE25;
			productRefGroup = 84D27AC229B70C370038AE25 /* Products */;
			projectDirPath = "";
			projectRoot = "";
			targets = (
				84D27AC029B70C370038AE25 /* GnoMe */,
			);
		};
/* End PBXProject section */

/* Begin PBXResourcesBuildPhase section */
		84D27ABF29B70C370038AE25 /* Resources */ = {
			isa = PBXResourcesBuildPhase;
			buildActionMask = 2147483647;
			files = (
				84D27ACC29B70C3C0038AE25 /* Preview Assets.xcassets in Resources */,
				84D27AC929B70C3C0038AE25 /* Assets.xcassets in Resources */,
			);
			runOnlyForDeploymentPostprocessing = 0;
		};
/* End PBXResourcesBuildPhase section */

/* Begin PBXSourcesBuildPhase section */
		84D27ABD29B70C370038AE25 /* Sources */ = {
			isa = PBXSourcesBuildPhase;
			buildActionMask = 2147483647;
			files = (
				84D27ADA29B70EA60038AE25 /* LeaderBoard.swift in Sources */,
				84D27AD829B70E720038AE25 /* HomeScreen.swift in Sources */,
				84D27ADC29B70ED50038AE25 /* UserProfile.swift in Sources */,
				84D27AD629B70E1F0038AE25 /* LateLandingPage.swift in Sources */,
				84D27ADE29B70F230038AE25 /* Settings.swift in Sources */,
				84D27AC729B70C370038AE25 /* LandingPage.swift in Sources */,
				84D27AC529B70C370038AE25 /* GnoMeApp.swift in Sources */,
			);
			runOnlyForDeploymentPostprocessing = 0;
		};
/* End PBXSourcesBuildPhase section */

/* Begin XCBuildConfiguration section */
		84D27ACD29B70C3C0038AE25 /* Debug */ = {
			isa = XCBuildConfiguration;
			buildSettings = {
				ALWAYS_SEARCH_USER_PATHS = NO;
				CLANG_ANALYZER_NONNULL = YES;
				CLANG_ANALYZER_NUMBER_OBJECT_CONVERSION = YES_AGGRESSIVE;
				CLANG_CXX_LANGUAGE_STANDARD = "gnu++20";
				CLANG_ENABLE_MODULES = YES;
				CLANG_ENABLE_OBJC_ARC = YES;
				CLANG_ENABLE_OBJC_WEAK = YES;
				CLANG_WARN_BLOCK_CAPTURE_AUTORELEASING = YES;
				CLANG_WARN_BOOL_CONVERSION = YES;
				CLANG_WARN_COMMA = YES;
				CLANG_WARN_CONSTANT_CONVERSION = YES;
				CLANG_WARN_DEPRECATED_OBJC_IMPLEMENTATIONS = YES;
				CLANG_WARN_DIRECT_OBJC_ISA_USAGE = YES_ERROR;
				CLANG_WARN_DOCUMENTATION_COMMENTS = YES;
				CLANG_WARN_EMPTY_BODY = YES;
				CLANG_WARN_ENUM_CONVERSION = YES;
				CLANG_WARN_INFINITE_RECURSION = YES;
				CLANG_WARN_INT_CONVERSION = YES;
				CLANG_WARN_NON_LITERAL_NULL_CONVERSION = YES;
				CLANG_WARN_OBJC_IMPLICIT_RETAIN_SELF = YES;
				CLANG_WARN_OBJC_LITERAL_CONVERSION = YES;
				CLANG_WARN_OBJC_ROOT_CLASS = YES_ERROR;
				CLANG_WARN_QUOTED_INCLUDE_IN_FRAMEWORK_HEADER = YES;
				CLANG_WARN_RANGE_LOOP_ANALYSIS = YES;
				CLANG_WARN_STRICT_PROTOTYPES = YES;
				CLANG_WARN_SUSPICIOUS_MOVE = YES;
				CLANG_WARN_UNGUARDED_AVAILABILITY = YES_AGGRESSIVE;
				CLANG_WARN_UNREACHABLE_CODE = YES;
				CLANG_WARN__DUPLICATE_METHOD_MATCH = YES;
				COPY_PHASE_STRIP = NO;
				DEBUG_INFORMATION_FORMAT = dwarf;
				ENABLE_STRICT_OBJC_MSGSEND = YES;
				ENABLE_TESTABILITY = YES;
				GCC_C_LANGUAGE_STANDARD = gnu11;
				GCC_DYNAMIC_NO_PIC = NO;
				GCC_NO_COMMON_BLOCKS = YES;
				GCC_OPTIMIZATION_LEVEL = 0;
				GCC_PREPROCESSOR_DEFINITIONS = (
					"DEBUG=1",
					"$(inherited)",
				);
				GCC_WARN_64_TO_32_BIT_CONVERSION = YES;
				GCC_WARN_ABOUT_RETURN_TYPE = YES_ERROR;
				GCC_WARN_UNDECLARED_SELECTOR = YES;
				GCC_WARN_UNINITIALIZED_AUTOS = YES_AGGRESSIVE;
				GCC_WARN_UNUSED_FUNCTION = YES;
				GCC_WARN_UNUSED_VARIABLE = YES;
				IPHONEOS_DEPLOYMENT_TARGET = 16.2;
				MTL_ENABLE_DEBUG_INFO = INCLUDE_SOURCE;
				MTL_FAST_MATH = YES;
				ONLY_ACTIVE_ARCH = YES;
				SDKROOT = iphoneos;
				SWIFT_ACTIVE_COMPILATION_CONDITIONS = DEBUG;
				SWIFT_OPTIMIZATION_LEVEL = "-Onone";
			};
			name = Debug;
		};
		84D27ACE29B70C3C0038AE25 /* Release */ = {
			isa = XCBuildConfiguration;
			buildSettings = {
				ALWAYS_SEARCH_USER_PATHS = NO;
				CLANG_ANALYZER_NONNULL = YES;
				CLANG_ANALYZER_NUMBER_OBJECT_CONVERSION = YES_AGGRESSIVE;
				CLANG_CXX_LANGUAGE_STANDARD = "gnu++20";
				CLANG_ENABLE_MODULES = YES;
				CLANG_ENABLE_OBJC_ARC = YES;
				CLANG_ENABLE_OBJC_WEAK = YES;
				CLANG_WARN_BLOCK_CAPTURE_AUTORELEASING = YES;
				CLANG_WARN_BOOL_CONVERSION = YES;
				CLANG_WARN_COMMA = YES;
				CLANG_WARN_CONSTANT_CONVERSION = YES;
				CLANG_WARN_DEPRECATED_OBJC_IMPLEMENTATIONS = YES;
				CLANG_WARN_DIRECT_OBJC_ISA_USAGE = YES_ERROR;
				CLANG_WARN_DOCUMENTATION_COMMENTS = YES;
				CLANG_WARN_EMPTY_BODY = YES;
				CLANG_WARN_ENUM_CONVERSION = YES;
				CLANG_WARN_INFINITE_RECURSION = YES;
				CLANG_WARN_INT_CONVERSION = YES;
				CLANG_WARN_NON_LITERAL_NULL_CONVERSION = YES;
				CLANG_WARN_OBJC_IMPLICIT_RETAIN_SELF = YES;
				CLANG_WARN_OBJC_LITERAL_CONVERSION = YES;
				CLANG_WARN_OBJC_ROOT_CLASS = YES_ERROR;
				CLANG_WARN_QUOTED_INCLUDE_IN_FRAMEWORK_HEADER = YES;
				CLANG_WARN_RANGE_LOOP_ANALYSIS = YES;
				CLANG_WARN_STRICT_PROTOTYPES = YES;
				CLANG_WARN_SUSPICIOUS_MOVE = YES;
				CLANG_WARN_UNGUARDED_AVAILABILITY = YES_AGGRESSIVE;
				CLANG_WARN_UNREACHABLE_CODE = YES;
				CLANG_WARN__DUPLICATE_METHOD_MATCH = YES;
				COPY_PHASE_STRIP = NO;
				DEBUG_INFORMATION_FORMAT = "dwarf-with-dsym";
				ENABLE_NS_ASSERTIONS = NO;
				ENABLE_STRICT_OBJC_MSGSEND = YES;
				GCC_C_LANGUAGE_STANDARD = gnu11;
				GCC_NO_COMMON_BLOCKS = YES;
				GCC_WARN_64_TO_32_BIT_CONVERSION = YES;
				GCC_WARN_ABOUT_RETURN_TYPE = YES_ERROR;
				GCC_WARN_UNDECLARED_SELECTOR = YES;
				GCC_WARN_UNINITIALIZED_AUTOS = YES_AGGRESSIVE;
				GCC_WARN_UNUSED_FUNCTION = YES;
				GCC_WARN_UNUSED_VARIABLE = YES;
				IPHONEOS_DEPLOYMENT_TARGET = 16.2;
				MTL_ENABLE_DEBUG_INFO = NO;
				MTL_FAST_MATH = YES;
				SDKROOT = iphoneos;
				SWIFT_COMPILATION_MODE = wholemodule;
				SWIFT_OPTIMIZATION_LEVEL = "-O";
				VALIDATE_PRODUCT = YES;
			};
			name = Release;
		};
		84D27AD029B70C3C0038AE25 /* Debug */ = {
			isa = XCBuildConfiguration;
			buildSettings = {
				ASSETCATALOG_COMPILER_APPICON_NAME = AppIcon;
				ASSETCATALOG_COMPILER_GLOBAL_ACCENT_COLOR_NAME = AccentColor;
				CODE_SIGN_STYLE = Automatic;
				CURRENT_PROJECT_VERSION = 1;
				DEVELOPMENT_ASSET_PATHS = "\"GnoMe/Preview Content\"";
				ENABLE_PREVIEWS = YES;
				GENERATE_INFOPLIST_FILE = YES;
				INFOPLIST_KEY_UIApplicationSceneManifest_Generation = YES;
				INFOPLIST_KEY_UIApplicationSupportsIndirectInputEvents = YES;
				INFOPLIST_KEY_UILaunchScreen_Generation = YES;
				INFOPLIST_KEY_UISupportedInterfaceOrientations_iPad = "UIInterfaceOrientationPortrait UIInterfaceOrientationPortraitUpsideDown UIInterfaceOrientationLandscapeLeft UIInterfaceOrientationLandscapeRight";
				INFOPLIST_KEY_UISupportedInterfaceOrientations_iPhone = "UIInterfaceOrientationPortrait UIInterfaceOrientationLandscapeLeft UIInterfaceOrientationLandscapeRight";
				LD_RUNPATH_SEARCH_PATHS = (
					"$(inherited)",
					"@executable_path/Frameworks",
				);
				MARKETING_VERSION = 1.0;
				PRODUCT_BUNDLE_IDENTIFIER = "Naysa-Alex.GnoMe";
				PRODUCT_NAME = "$(TARGET_NAME)";
				SWIFT_EMIT_LOC_STRINGS = YES;
				SWIFT_VERSION = 5.0;
				TARGETED_DEVICE_FAMILY = "1,2";
			};
			name = Debug;
		};
		84D27AD129B70C3C0038AE25 /* Release */ = {
			isa = XCBuildConfiguration;
			buildSettings = {
				ASSETCATALOG_COMPILER_APPICON_NAME = AppIcon;
				ASSETCATALOG_COMPILER_GLOBAL_ACCENT_COLOR_NAME = AccentColor;
				CODE_SIGN_STYLE = Automatic;
				CURRENT_PROJECT_VERSION = 1;
				DEVELOPMENT_ASSET_PATHS = "\"GnoMe/Preview Content\"";
				ENABLE_PREVIEWS = YES;
				GENERATE_INFOPLIST_FILE = YES;
				INFOPLIST_KEY_UIApplicationSceneManifest_Generation = YES;
				INFOPLIST_KEY_UIApplicationSupportsIndirectInputEvents = YES;
				INFOPLIST_KEY_UILaunchScreen_Generation = YES;
				INFOPLIST_KEY_UISupportedInterfaceOrientations_iPad = "UIInterfaceOrientationPortrait UIInterfaceOrientationPortraitUpsideDown UIInterfaceOrientationLandscapeLeft UIInterfaceOrientationLandscapeRight";
				INFOPLIST_KEY_UISupportedInterfaceOrientations_iPhone = "UIInterfaceOrientationPortrait UIInterfaceOrientationLandscapeLeft UIInterfaceOrientationLandscapeRight";
				LD_RUNPATH_SEARCH_PATHS = (
					"$(inherited)",
					"@executable_path/Frameworks",
				);
				MARKETING_VERSION = 1.0;
				PRODUCT_BUNDLE_IDENTIFIER = "Naysa-Alex.GnoMe";
				PRODUCT_NAME = "$(TARGET_NAME)";
				SWIFT_EMIT_LOC_STRINGS = YES;
				SWIFT_VERSION = 5.0;
				TARGETED_DEVICE_FAMILY = "1,2";
			};
			name = Release;
		};
/* End XCBuildConfiguration section */

/* Begin XCConfigurationList section */
		84D27ABC29B70C370038AE25 /* Build configuration list for PBXProject "GnoMe" */ = {
			isa = XCConfigurationList;
			buildConfigurations = (
				84D27ACD29B70C3C0038AE25 /* Debug */,
				84D27ACE29B70C3C0038AE25 /* Release */,
			);
			defaultConfigurationIsVisible = 0;
			defaultConfigurationName = Release;
		};
		84D27ACF29B70C3C0038AE25 /* Build configuration list for PBXNativeTarget "GnoMe" */ = {
			isa = XCConfigurationList;
			buildConfigurations = (
				84D27AD029B70C3C0038AE25 /* Debug */,
				84D27AD129B70C3C0038AE25 /* Release */,
			);
			defaultConfigurationIsVisible = 0;
			defaultConfigurationName = Release;
		};
/* End XCConfigurationList section */
	};
	rootObject = 84D27AB929B70C370038AE25 /* Project object */;
}
